// !$*UTF8*$!
{
	archiveVersion = 1;
	classes = {
	};
	objectVersion = 46;
	objects = {

/* Begin PBXBuildFile section */
		D1A49380198D793D00015E19 /* Readme.md in Sources */ = {isa = PBXBuildFile; fileRef = D1A4937F198D793D00015E19 /* Readme.md */; };
		D1A49382198D7AA900015E19 /* ShutupButton.gif in Resources */ = {isa = PBXBuildFile; fileRef = D1A49381198D7AA900015E19 /* ShutupButton.gif */; };
		D1A4C928198A52EC001512A2 /* AppDelegate.swift in Sources */ = {isa = PBXBuildFile; fileRef = D1A4C927198A52EC001512A2 /* AppDelegate.swift */; };
		D1A4C92A198A52EC001512A2 /* ViewController.swift in Sources */ = {isa = PBXBuildFile; fileRef = D1A4C929198A52EC001512A2 /* ViewController.swift */; };
		D1A4C92D198A52EC001512A2 /* Main.storyboard in Resources */ = {isa = PBXBuildFile; fileRef = D1A4C92B198A52EC001512A2 /* Main.storyboard */; };
		D1A4C92F198A52EC001512A2 /* Images.xcassets in Resources */ = {isa = PBXBuildFile; fileRef = D1A4C92E198A52EC001512A2 /* Images.xcassets */; };
		D1A4C93B198A52EC001512A2 /* Shutup_ButtonTests.swift in Sources */ = {isa = PBXBuildFile; fileRef = D1A4C93A198A52EC001512A2 /* Shutup_ButtonTests.swift */; };
		D1A4C947198A5927001512A2 /* ShutupButton.swift in Sources */ = {isa = PBXBuildFile; fileRef = D1A4C946198A5927001512A2 /* ShutupButton.swift */; };
/* End PBXBuildFile section */

/* Begin PBXContainerItemProxy section */
		D1A4C935198A52EC001512A2 /* PBXContainerItemProxy */ = {
			isa = PBXContainerItemProxy;
			containerPortal = D1A4C91A198A52EC001512A2 /* Project object */;
			proxyType = 1;
			remoteGlobalIDString = D1A4C921198A52EC001512A2;
			remoteInfo = "Shutup Button";
		};
/* End PBXContainerItemProxy section */

/* Begin PBXFileReference section */
		D1A4937F198D793D00015E19 /* Readme.md */ = {isa = PBXFileReference; fileEncoding = 4; lastKnownFileType = net.daringfireball.markdown; path = Readme.md; sourceTree = "<group>"; };
		D1A49381198D7AA900015E19 /* ShutupButton.gif */ = {isa = PBXFileReference; lastKnownFileType = image.gif; path = ShutupButton.gif; sourceTree = "<group>"; };
		D1A4C922198A52EC001512A2 /* Shutup Button.app */ = {isa = PBXFileReference; explicitFileType = wrapper.application; includeInIndex = 0; path = "Shutup Button.app"; sourceTree = BUILT_PRODUCTS_DIR; };
		D1A4C926198A52EC001512A2 /* Info.plist */ = {isa = PBXFileReference; lastKnownFileType = text.plist.xml; path = Info.plist; sourceTree = "<group>"; };
		D1A4C927198A52EC001512A2 /* AppDelegate.swift */ = {isa = PBXFileReference; lastKnownFileType = sourcecode.swift; path = AppDelegate.swift; sourceTree = "<group>"; };
		D1A4C929198A52EC001512A2 /* ViewController.swift */ = {isa = PBXFileReference; lastKnownFileType = sourcecode.swift; path = ViewController.swift; sourceTree = "<group>"; };
		D1A4C92C198A52EC001512A2 /* Base */ = {isa = PBXFileReference; lastKnownFileType = file.storyboard; name = Base; path = Base.lproj/Main.storyboard; sourceTree = "<group>"; };
		D1A4C92E198A52EC001512A2 /* Images.xcassets */ = {isa = PBXFileReference; lastKnownFileType = folder.assetcatalog; path = Images.xcassets; sourceTree = "<group>"; };
		D1A4C934198A52EC001512A2 /* Shutup ButtonTests.xctest */ = {isa = PBXFileReference; explicitFileType = wrapper.cfbundle; includeInIndex = 0; path = "Shutup ButtonTests.xctest"; sourceTree = BUILT_PRODUCTS_DIR; };
		D1A4C939198A52EC001512A2 /* Info.plist */ = {isa = PBXFileReference; lastKnownFileType = text.plist.xml; path = Info.plist; sourceTree = "<group>"; };
		D1A4C93A198A52EC001512A2 /* Shutup_ButtonTests.swift */ = {isa = PBXFileReference; lastKnownFileType = sourcecode.swift; path = Shutup_ButtonTests.swift; sourceTree = "<group>"; };
		D1A4C946198A5927001512A2 /* ShutupButton.swift */ = {isa = PBXFileReference; fileEncoding = 4; lastKnownFileType = sourcecode.swift; path = ShutupButton.swift; sourceTree = "<group>"; };
/* End PBXFileReference section */

/* Begin PBXFrameworksBuildPhase section */
		D1A4C91F198A52EC001512A2 /* Frameworks */ = {
			isa = PBXFrameworksBuildPhase;
			buildActionMask = 2147483647;
			files = (
			);
			runOnlyForDeploymentPostprocessing = 0;
		};
		D1A4C931198A52EC001512A2 /* Frameworks */ = {
			isa = PBXFrameworksBuildPhase;
			buildActionMask = 2147483647;
			files = (
			);
			runOnlyForDeploymentPostprocessing = 0;
		};
/* End PBXFrameworksBuildPhase section */

/* Begin PBXGroup section */
		D1A4C919198A52EC001512A2 = {
			isa = PBXGroup;
			children = (
				D1A4937F198D793D00015E19 /* Readme.md */,
				D1A49381198D7AA900015E19 /* ShutupButton.gif */,
				D1A4C924198A52EC001512A2 /* Shutup Button */,
				D1A4C937198A52EC001512A2 /* Shutup ButtonTests */,
				D1A4C923198A52EC001512A2 /* Products */,
			);
			sourceTree = "<group>";
		};
		D1A4C923198A52EC001512A2 /* Products */ = {
			isa = PBXGroup;
			children = (
				D1A4C922198A52EC001512A2 /* Shutup Button.app */,
				D1A4C934198A52EC001512A2 /* Shutup ButtonTests.xctest */,
			);
			name = Products;
			sourceTree = "<group>";
		};
		D1A4C924198A52EC001512A2 /* Shutup Button */ = {
			isa = PBXGroup;
			children = (
				D1A4C927198A52EC001512A2 /* AppDelegate.swift */,
				D1A4C929198A52EC001512A2 /* ViewController.swift */,
				D1A4C946198A5927001512A2 /* ShutupButton.swift */,
				D1A4C92B198A52EC001512A2 /* Main.storyboard */,
				D1A4C92E198A52EC001512A2 /* Images.xcassets */,
				D1A4C925198A52EC001512A2 /* Supporting Files */,
			);
			path = "Shutup Button";
			sourceTree = "<group>";
		};
		D1A4C925198A52EC001512A2 /* Supporting Files */ = {
			isa = PBXGroup;
			children = (
				D1A4C926198A52EC001512A2 /* Info.plist */,
			);
			name = "Supporting Files";
			sourceTree = "<group>";
		};
		D1A4C937198A52EC001512A2 /* Shutup ButtonTests */ = {
			isa = PBXGroup;
			children = (
				D1A4C93A198A52EC001512A2 /* Shutup_ButtonTests.swift */,
				D1A4C938198A52EC001512A2 /* Supporting Files */,
			);
			path = "Shutup ButtonTests";
			sourceTree = "<group>";
		};
		D1A4C938198A52EC001512A2 /* Supporting Files */ = {
			isa = PBXGroup;
			children = (
				D1A4C939198A52EC001512A2 /* Info.plist */,
			);
			name = "Supporting Files";
			sourceTree = "<group>";
		};
/* End PBXGroup section */

/* Begin PBXNativeTarget section */
		D1A4C921198A52EC001512A2 /* Shutup Button */ = {
			isa = PBXNativeTarget;
			buildConfigurationList = D1A4C93E198A52ED001512A2 /* Build configuration list for PBXNativeTarget "Shutup Button" */;
			buildPhases = (
				D1A4C91E198A52EC001512A2 /* Sources */,
				D1A4C91F198A52EC001512A2 /* Frameworks */,
				D1A4C920198A52EC001512A2 /* Resources */,
			);
			buildRules = (
			);
			dependencies = (
			);
			name = "Shutup Button";
			productName = "Shutup Button";
			productReference = D1A4C922198A52EC001512A2 /* Shutup Button.app */;
			productType = "com.apple.product-type.application";
		};
		D1A4C933198A52EC001512A2 /* Shutup ButtonTests */ = {
			isa = PBXNativeTarget;
			buildConfigurationList = D1A4C941198A52ED001512A2 /* Build configuration list for PBXNativeTarget "Shutup ButtonTests" */;
			buildPhases = (
				D1A4C930198A52EC001512A2 /* Sources */,
				D1A4C931198A52EC001512A2 /* Frameworks */,
				D1A4C932198A52EC001512A2 /* Resources */,
			);
			buildRules = (
			);
			dependencies = (
				D1A4C936198A52EC001512A2 /* PBXTargetDependency */,
			);
			name = "Shutup ButtonTests";
			productName = "Shutup ButtonTests";
			productReference = D1A4C934198A52EC001512A2 /* Shutup ButtonTests.xctest */;
			productType = "com.apple.product-type.bundle.unit-test";
		};
/* End PBXNativeTarget section */

/* Begin PBXProject section */
		D1A4C91A198A52EC001512A2 /* Project object */ = {
			isa = PBXProject;
			attributes = {
				LastSwiftMigration = 0710;
				LastSwiftUpdateCheck = 0710;
				LastUpgradeCheck = 0600;
				ORGANIZATIONNAME = "Mohamad Ibrahim";
				TargetAttributes = {
					D1A4C921198A52EC001512A2 = {
						CreatedOnToolsVersion = 6.0;
					};
					D1A4C933198A52EC001512A2 = {
						CreatedOnToolsVersion = 6.0;
						TestTargetID = D1A4C921198A52EC001512A2;
					};
				};
			};
			buildConfigurationList = D1A4C91D198A52EC001512A2 /* Build configuration list for PBXProject "Shutup Button" */;
			compatibilityVersion = "Xcode 3.2";
			developmentRegion = English;
			hasScannedForEncodings = 0;
			knownRegions = (
				en,
				Base,
			);
			mainGroup = D1A4C919198A52EC001512A2;
			productRefGroup = D1A4C923198A52EC001512A2 /* Products */;
			projectDirPath = "";
			projectRoot = "";
			targets = (
				D1A4C921198A52EC001512A2 /* Shutup Button */,
				D1A4C933198A52EC001512A2 /* Shutup ButtonTests */,
			);
		};
/* End PBXProject section */

/* Begin PBXResourcesBuildPhase section */
		D1A4C920198A52EC001512A2 /* Resources */ = {
			isa = PBXResourcesBuildPhase;
			buildActionMask = 2147483647;
			files = (
				D1A4C92D198A52EC001512A2 /* Main.storyboard in Resources */,
				D1A4C92F198A52EC001512A2 /* Images.xcassets in Resources */,
				D1A49382198D7AA900015E19 /* ShutupButton.gif in Resources */,
			);
			runOnlyForDeploymentPostprocessing = 0;
		};
		D1A4C932198A52EC001512A2 /* Resources */ = {
			isa = PBXResourcesBuildPhase;
			buildActionMask = 2147483647;
			files = (
			);
			runOnlyForDeploymentPostprocessing = 0;
		};
/* End PBXResourcesBuildPhase section */

/* Begin PBXSourcesBuildPhase section */
		D1A4C91E198A52EC001512A2 /* Sources */ = {
			isa = PBXSourcesBuildPhase;
			buildActionMask = 2147483647;
			files = (
				D1A4C92A198A52EC001512A2 /* ViewController.swift in Sources */,
				D1A4C928198A52EC001512A2 /* AppDelegate.swift in Sources */,
				D1A49380198D793D00015E19 /* Readme.md in Sources */,
				D1A4C947198A5927001512A2 /* ShutupButton.swift in Sources */,
			);
			runOnlyForDeploymentPostprocessing = 0;
		};
		D1A4C930198A52EC001512A2 /* Sources */ = {
			isa = PBXSourcesBuildPhase;
			buildActionMask = 2147483647;
			files = (
				D1A4C93B198A52EC001512A2 /* Shutup_ButtonTests.swift in Sources */,
			);
			runOnlyForDeploymentPostprocessing = 0;
		};
/* End PBXSourcesBuildPhase section */

/* Begin PBXTargetDependency section */
		D1A4C936198A52EC001512A2 /* PBXTargetDependency */ = {
			isa = PBXTargetDependency;
			target = D1A4C921198A52EC001512A2 /* Shutup Button */;
			targetProxy = D1A4C935198A52EC001512A2 /* PBXContainerItemProxy */;
		};
/* End PBXTargetDependency section */

/* Begin PBXVariantGroup section */
		D1A4C92B198A52EC001512A2 /* Main.storyboard */ = {
			isa = PBXVariantGroup;
			children = (
				D1A4C92C198A52EC001512A2 /* Base */,
			);
			name = Main.storyboard;
			sourceTree = "<group>";
		};
/* End PBXVariantGroup section */

/* Begin XCBuildConfiguration section */
		D1A4C93C198A52EC001512A2 /* Debug */ = {
			isa = XCBuildConfiguration;
			buildSettings = {
				ALWAYS_SEARCH_USER_PATHS = NO;
				CLANG_CXX_LANGUAGE_STANDARD = "gnu++0x";
				CLANG_CXX_LIBRARY = "libc++";
				CLANG_ENABLE_MODULES = YES;
				CLANG_ENABLE_OBJC_ARC = YES;
				CLANG_WARN_BOOL_CONVERSION = YES;
				CLANG_WARN_CONSTANT_CONVERSION = YES;
				CLANG_WARN_DIRECT_OBJC_ISA_USAGE = YES_ERROR;
				CLANG_WARN_EMPTY_BODY = YES;
				CLANG_WARN_ENUM_CONVERSION = YES;
				CLANG_WARN_INT_CONVERSION = YES;
				CLANG_WARN_OBJC_ROOT_CLASS = YES_ERROR;
				CLANG_WARN_UNREACHABLE_CODE = YES;
				CLANG_WARN__DUPLICATE_METHOD_MATCH = YES;
				"CODE_SIGN_IDENTITY[sdk=iphoneos*]" = "iPhone Developer";
				COPY_PHASE_STRIP = NO;
				ENABLE_STRICT_OBJC_MSGSEND = YES;
				GCC_C_LANGUAGE_STANDARD = gnu99;
				GCC_DYNAMIC_NO_PIC = NO;
				GCC_OPTIMIZATION_LEVEL = 0;
				GCC_PREPROCESSOR_DEFINITIONS = (
					"DEBUG=1",
					"$(inherited)",
				);
				GCC_SYMBOLS_PRIVATE_EXTERN = NO;
				GCC_WARN_64_TO_32_BIT_CONVERSION = YES;
				GCC_WARN_ABOUT_RETURN_TYPE = YES_ERROR;
				GCC_WARN_UNDECLARED_SELECTOR = YES;
				GCC_WARN_UNINITIALIZED_AUTOS = YES_AGGRESSIVE;
				GCC_WARN_UNUSED_FUNCTION = YES;
				GCC_WARN_UNUSED_VARIABLE = YES;
				IPHONEOS_DEPLOYMENT_TARGET = 8.0;
				METAL_ENABLE_DEBUG_INFO = YES;
				ONLY_ACTIVE_ARCH = YES;
				SDKROOT = iphoneos;
				SWIFT_OPTIMIZATION_LEVEL = "-Onone";
			};
			name = Debug;
		};
		D1A4C93D198A52EC001512A2 /* Release */ = {
			isa = XCBuildConfiguration;
			buildSettings = {
				ALWAYS_SEARCH_USER_PATHS = NO;
				CLANG_CXX_LANGUAGE_STANDARD = "gnu++0x";
				CLANG_CXX_LIBRARY = "libc++";
				CLANG_ENABLE_MODULES = YES;
				CLANG_ENABLE_OBJC_ARC = YES;
				CLANG_WARN_BOOL_CONVERSION = YES;
				CLANG_WARN_CONSTANT_CONVERSION = YES;
				CLANG_WARN_DIRECT_OBJC_ISA_USAGE = YES_ERROR;
				CLANG_WARN_EMPTY_BODY = YES;
				CLANG_WARN_ENUM_CONVERSION = YES;
				CLANG_WARN_INT_CONVERSION = YES;
				CLANG_WARN_OBJC_ROOT_CLASS = YES_ERROR;
				CLANG_WARN_UNREACHABLE_CODE = YES;
				CLANG_WARN__DUPLICATE_METHOD_MATCH = YES;
				"CODE_SIGN_IDENTITY[sdk=iphoneos*]" = "iPhone Developer";
				COPY_PHASE_STRIP = YES;
				ENABLE_NS_ASSERTIONS = NO;
				ENABLE_STRICT_OBJC_MSGSEND = YES;
				GCC_C_LANGUAGE_STANDARD = gnu99;
				GCC_WARN_64_TO_32_BIT_CONVERSION = YES;
				GCC_WARN_ABOUT_RETURN_TYPE = YES_ERROR;
				GCC_WARN_UNDECLARED_SELECTOR = YES;
				GCC_WARN_UNINITIALIZED_AUTOS = YES_AGGRESSIVE;
				GCC_WARN_UNUSED_FUNCTION = YES;
				GCC_WARN_UNUSED_VARIABLE = YES;
				IPHONEOS_DEPLOYMENT_TARGET = 8.0;
				METAL_ENABLE_DEBUG_INFO = NO;
				SDKROOT = iphoneos;
				VALIDATE_PRODUCT = YES;
			};
			name = Release;
		};
		D1A4C93F198A52ED001512A2 /* Debug */ = {
			isa = XCBuildConfiguration;
			buildSettings = {
				ASSETCATALOG_COMPILER_APPICON_NAME = AppIcon;
				ASSETCATALOG_COMPILER_LAUNCHIMAGE_NAME = LaunchImage;
				INFOPLIST_FILE = "Shutup Button/Info.plist";
				LD_RUNPATH_SEARCH_PATHS = "$(inherited) @executable_path/Frameworks";
				PRODUCT_NAME = "$(TARGET_NAME)";
			};
			name = Debug;
		};
		D1A4C940198A52ED001512A2 /* Release */ = {
			isa = XCBuildConfiguration;
			buildSettings = {
				ASSETCATALOG_COMPILER_APPICON_NAME = AppIcon;
				ASSETCATALOG_COMPILER_LAUNCHIMAGE_NAME = LaunchImage;
				INFOPLIST_FILE = "Shutup Button/Info.plist";
				LD_RUNPATH_SEARCH_PATHS = "$(inherited) @executable_path/Frameworks";
				PRODUCT_NAME = "$(TARGET_NAME)";
			};
			name = Release;
		};
		D1A4C942198A52ED001512A2 /* Debug */ = {
			isa = XCBuildConfiguration;
			buildSettings = {
				BUNDLE_LOADER = "$(BUILT_PRODUCTS_DIR)/Shutup Button.app/Shutup Button";
				FRAMEWORK_SEARCH_PATHS = (
					"$(SDKROOT)/Developer/Library/Frameworks",
					"$(inherited)",
				);
				GCC_PREPROCESSOR_DEFINITIONS = (
					"DEBUG=1",
					"$(inherited)",
				);
				INFOPLIST_FILE = "Shutup ButtonTests/Info.plist";
				LD_RUNPATH_SEARCH_PATHS = "$(inherited) @executable_path/Frameworks @loader_path/Frameworks";
				METAL_ENABLE_DEBUG_INFO = YES;
				PRODUCT_NAME = "$(TARGET_NAME)";
				TEST_HOST = "$(BUNDLE_LOADER)";
			};
			name = Debug;
		};
		D1A4C943198A52ED001512A2 /* Release */ = {
			isa = XCBuildConfiguration;
			buildSettings = {
				BUNDLE_LOADER = "$(BUILT_PRODUCTS_DIR)/Shutup Button.app/Shutup Button";
				FRAMEWORK_SEARCH_PATHS = (
					"$(SDKROOT)/Developer/Library/Frameworks",
					"$(inherited)",
				);
				INFOPLIST_FILE = "Shutup ButtonTests/Info.plist";
				LD_RUNPATH_SEARCH_PATHS = "$(inherited) @executable_path/Frameworks @loader_path/Frameworks";
				METAL_ENABLE_DEBUG_INFO = NO;
				PRODUCT_NAME = "$(TARGET_NAME)";
				TEST_HOST = "$(BUNDLE_LOADER)";
			};
			name = Release;
		};
/* End XCBuildConfiguration section */

/* Begin XCConfigurationList section */
		D1A4C91D198A52EC001512A2 /* Build configuration list for PBXProject "Shutup Button" */ = {
			isa = XCConfigurationList;
			buildConfigurations = (
				D1A4C93C198A52EC001512A2 /* Debug */,
				D1A4C93D198A52EC001512A2 /* Release */,
			);
			defaultConfigurationIsVisible = 0;
			defaultConfigurationName = Release;
		};
		D1A4C93E198A52ED001512A2 /* Build configuration list for PBXNativeTarget "Shutup Button" */ = {
			isa = XCConfigurationList;
			buildConfigurations = (
				D1A4C93F198A52ED001512A2 /* Debug */,
				D1A4C940198A52ED001512A2 /* Release */,
			);
			defaultConfigurationIsVisible = 0;
			defaultConfigurationName = Release;
		};
		D1A4C941198A52ED001512A2 /* Build configuration list for PBXNativeTarget "Shutup ButtonTests" */ = {
			isa = XCConfigurationList;
			buildConfigurations = (
				D1A4C942198A52ED001512A2 /* Debug */,
				D1A4C943198A52ED001512A2 /* Release */,
			);
			defaultConfigurationIsVisible = 0;
			defaultConfigurationName = Release;
		};
/* End XCConfigurationList section */
	};
	rootObject = D1A4C91A198A52EC001512A2 /* Project object */;
}
